
Microsoft Visual Studio Solution File, Format Version 12.00
# Visual Studio Version 16
VisualStudioVersion = 16.0.31624.102
MinimumVisualStudioVersion = 10.0.40219.1
Project("{FAE04EC0-301F-11D3-BF4B-00C04F79EFBC}") = "FacebookTesting", "FacebookTesting\FacebookTesting.csproj", "{79A374A2-18A2-4C04-B7AC-6DD3490F5B64}"
EndProject
Global
	GlobalSection(SolutionConfigurationPlatforms) = preSolution
		Debug|Any CPU = Debug|Any CPU
		Release|Any CPU = Release|Any CPU
	EndGlobalSection
	GlobalSection(ProjectConfigurationPlatforms) = postSolution
		{79A374A2-18A2-4C04-B7AC-6DD3490F5B64}.Debug|Any CPU.ActiveCfg = Debug|Any CPU
		{79A374A2-18A2-4C04-B7AC-6DD3490F5B64}.Debug|Any CPU.Build.0 = Debug|Any CPU
		{79A374A2-18A2-4C04-B7AC-6DD3490F5B64}.Release|Any CPU.ActiveCfg = Release|Any CPU
		{79A374A2-18A2-4C04-B7AC-6DD3490F5B64}.Release|Any CPU.Build.0 = Release|Any CPU
	EndGlobalSection
	GlobalSection(SolutionProperties) = preSolution
		HideSolutionNode = FALSE
	EndGlobalSection
	GlobalSection(ExtensibilityGlobals) = postSolution
		SolutionGuid = {1BE025CF-8F6C-4310-A3F7-9CA7CBE1AA4B}
	EndGlobalSection
EndGlobal
