
Microsoft Visual Studio Solution File, Format Version 12.00
# Visual Studio Version 16
VisualStudioVersion = 16.0.31624.102
MinimumVisualStudioVersion = 10.0.40219.1
Project("{FAE04EC0-301F-11D3-BF4B-00C04F79EFBC}") = "BDDSample", "BDDSample\BDDSample.csproj", "{4ABA3167-AC24-4668-AA21-171C9386DD1B}"
EndProject
Global
	GlobalSection(SolutionConfigurationPlatforms) = preSolution
		Debug|Any CPU = Debug|Any CPU
		Release|Any CPU = Release|Any CPU
	EndGlobalSection
	GlobalSection(ProjectConfigurationPlatforms) = postSolution
		{4ABA3167-AC24-4668-AA21-171C9386DD1B}.Debug|Any CPU.ActiveCfg = Debug|Any CPU
		{4ABA3167-AC24-4668-AA21-171C9386DD1B}.Debug|Any CPU.Build.0 = Debug|Any CPU
		{4ABA3167-AC24-4668-AA21-171C9386DD1B}.Release|Any CPU.ActiveCfg = Release|Any CPU
		{4ABA3167-AC24-4668-AA21-171C9386DD1B}.Release|Any CPU.Build.0 = Release|Any CPU
	EndGlobalSection
	GlobalSection(SolutionProperties) = preSolution
		HideSolutionNode = FALSE
	EndGlobalSection
	GlobalSection(ExtensibilityGlobals) = postSolution
		SolutionGuid = {ECE049E5-9F2C-4C75-87D0-EA48AAE16054}
	EndGlobalSection
EndGlobal
