
Microsoft Visual Studio Solution File, Format Version 12.00
# Visual Studio Version 16
VisualStudioVersion = 16.0.31624.102
MinimumVisualStudioVersion = 10.0.40219.1
Project("{FAE04EC0-301F-11D3-BF4B-00C04F79EFBC}") = "GoogleTest", "GoogleTest\GoogleTest.csproj", "{5E9EF4B2-6BCF-4A61-A847-F14203AFC12A}"
EndProject
Global
	GlobalSection(SolutionConfigurationPlatforms) = preSolution
		Debug|Any CPU = Debug|Any CPU
		Release|Any CPU = Release|Any CPU
	EndGlobalSection
	GlobalSection(ProjectConfigurationPlatforms) = postSolution
		{5E9EF4B2-6BCF-4A61-A847-F14203AFC12A}.Debug|Any CPU.ActiveCfg = Debug|Any CPU
		{5E9EF4B2-6BCF-4A61-A847-F14203AFC12A}.Debug|Any CPU.Build.0 = Debug|Any CPU
		{5E9EF4B2-6BCF-4A61-A847-F14203AFC12A}.Release|Any CPU.ActiveCfg = Release|Any CPU
		{5E9EF4B2-6BCF-4A61-A847-F14203AFC12A}.Release|Any CPU.Build.0 = Release|Any CPU
	EndGlobalSection
	GlobalSection(SolutionProperties) = preSolution
		HideSolutionNode = FALSE
	EndGlobalSection
	GlobalSection(ExtensibilityGlobals) = postSolution
		SolutionGuid = {D1895D25-54FC-43B1-AEA9-1845FAF7E133}
	EndGlobalSection
EndGlobal
