
Microsoft Visual Studio Solution File, Format Version 12.00
# Visual Studio Version 16
VisualStudioVersion = 16.0.31624.102
MinimumVisualStudioVersion = 10.0.40219.1
Project("{FAE04EC0-301F-11D3-BF4B-00C04F79EFBC}") = "CaculatorApplication", "CaculatorApplication\CaculatorApplication.csproj", "{392F7093-1076-4478-9C37-5832DFA2BE07}"
EndProject
Project("{FAE04EC0-301F-11D3-BF4B-00C04F79EFBC}") = "CalculatoTest", "CalculatoTest\CalculatoTest.csproj", "{1B7AD37C-DBDC-4FAC-9C2A-293B7A93171C}"
EndProject
Global
	GlobalSection(SolutionConfigurationPlatforms) = preSolution
		Debug|Any CPU = Debug|Any CPU
		Release|Any CPU = Release|Any CPU
	EndGlobalSection
	GlobalSection(ProjectConfigurationPlatforms) = postSolution
		{392F7093-1076-4478-9C37-5832DFA2BE07}.Debug|Any CPU.ActiveCfg = Debug|Any CPU
		{392F7093-1076-4478-9C37-5832DFA2BE07}.Debug|Any CPU.Build.0 = Debug|Any CPU
		{392F7093-1076-4478-9C37-5832DFA2BE07}.Release|Any CPU.ActiveCfg = Release|Any CPU
		{392F7093-1076-4478-9C37-5832DFA2BE07}.Release|Any CPU.Build.0 = Release|Any CPU
		{1B7AD37C-DBDC-4FAC-9C2A-293B7A93171C}.Debug|Any CPU.ActiveCfg = Debug|Any CPU
		{1B7AD37C-DBDC-4FAC-9C2A-293B7A93171C}.Debug|Any CPU.Build.0 = Debug|Any CPU
		{1B7AD37C-DBDC-4FAC-9C2A-293B7A93171C}.Release|Any CPU.ActiveCfg = Release|Any CPU
		{1B7AD37C-DBDC-4FAC-9C2A-293B7A93171C}.Release|Any CPU.Build.0 = Release|Any CPU
	EndGlobalSection
	GlobalSection(SolutionProperties) = preSolution
		HideSolutionNode = FALSE
	EndGlobalSection
	GlobalSection(ExtensibilityGlobals) = postSolution
		SolutionGuid = {D5C4FDC9-9CBA-458D-A57B-7DDB907E18AB}
	EndGlobalSection
EndGlobal
