
Microsoft Visual Studio Solution File, Format Version 12.00
# Visual Studio Version 16
VisualStudioVersion = 16.0.31624.102
MinimumVisualStudioVersion = 10.0.40219.1
Project("{FAE04EC0-301F-11D3-BF4B-00C04F79EFBC}") = "Calculator Application", "Calculator Application\Calculator Application.csproj", "{33ED5130-395A-443D-AA42-36574533632B}"
EndProject
Project("{FAE04EC0-301F-11D3-BF4B-00C04F79EFBC}") = "Calculator ApplicationTests", "Calculator ApplicationTests\Calculator ApplicationTests.csproj", "{6C138A7F-B56C-4B6A-910C-CAF759BC3C82}"
EndProject
Project("{FAE04EC0-301F-11D3-BF4B-00C04F79EFBC}") = "TestCalculatorApplication", "TestCalculatorApplication\TestCalculatorApplication.csproj", "{1A7E893B-3FEB-408D-BA5F-D7F1AA7196E8}"
EndProject
Global
	GlobalSection(SolutionConfigurationPlatforms) = preSolution
		Debug|Any CPU = Debug|Any CPU
		Release|Any CPU = Release|Any CPU
	EndGlobalSection
	GlobalSection(ProjectConfigurationPlatforms) = postSolution
		{33ED5130-395A-443D-AA42-36574533632B}.Debug|Any CPU.ActiveCfg = Debug|Any CPU
		{33ED5130-395A-443D-AA42-36574533632B}.Debug|Any CPU.Build.0 = Debug|Any CPU
		{33ED5130-395A-443D-AA42-36574533632B}.Release|Any CPU.ActiveCfg = Release|Any CPU
		{33ED5130-395A-443D-AA42-36574533632B}.Release|Any CPU.Build.0 = Release|Any CPU
		{6C138A7F-B56C-4B6A-910C-CAF759BC3C82}.Debug|Any CPU.ActiveCfg = Debug|Any CPU
		{6C138A7F-B56C-4B6A-910C-CAF759BC3C82}.Debug|Any CPU.Build.0 = Debug|Any CPU
		{6C138A7F-B56C-4B6A-910C-CAF759BC3C82}.Release|Any CPU.ActiveCfg = Release|Any CPU
		{6C138A7F-B56C-4B6A-910C-CAF759BC3C82}.Release|Any CPU.Build.0 = Release|Any CPU
		{1A7E893B-3FEB-408D-BA5F-D7F1AA7196E8}.Debug|Any CPU.ActiveCfg = Debug|Any CPU
		{1A7E893B-3FEB-408D-BA5F-D7F1AA7196E8}.Debug|Any CPU.Build.0 = Debug|Any CPU
		{1A7E893B-3FEB-408D-BA5F-D7F1AA7196E8}.Release|Any CPU.ActiveCfg = Release|Any CPU
		{1A7E893B-3FEB-408D-BA5F-D7F1AA7196E8}.Release|Any CPU.Build.0 = Release|Any CPU
	EndGlobalSection
	GlobalSection(SolutionProperties) = preSolution
		HideSolutionNode = FALSE
	EndGlobalSection
	GlobalSection(ExtensibilityGlobals) = postSolution
		SolutionGuid = {3FDDA483-A9DD-4BCD-80D0-DE1208BB1FBB}
	EndGlobalSection
EndGlobal
